
Microsoft Visual Studio Solution File, Format Version 12.00
# Visual Studio Version 17
VisualStudioVersion = 17.0.31410.414
MinimumVisualStudioVersion = 10.0.40219.1
Project("{9A19103F-16F7-4668-BE54-9A1E7A4F7556}") = "Panosen.CodeDom.Tag", "Panosen.CodeDom.Tag\Panosen.CodeDom.Tag.csproj", "{4CC33D1F-DAF3-4CCE-BE3F-DB018A0C00A6}"
EndProject
Project("{9A19103F-16F7-4668-BE54-9A1E7A4F7556}") = "Panosen.CodeDom.Tag.Engine", "Panosen.CodeDom.Tag.Engine\Panosen.CodeDom.Tag.Engine.csproj", "{0D36FE74-9ACD-46EC-8AB4-436968598463}"
EndProject
Project("{9A19103F-16F7-4668-BE54-9A1E7A4F7556}") = "Panosen.CodeDom.Tag.Script", "Panosen.CodeDom.Tag.Script\Panosen.CodeDom.Tag.Script.csproj", "{1DB937A2-B0C5-4171-A061-E1C12053D701}"
EndProject
Project("{9A19103F-16F7-4668-BE54-9A1E7A4F7556}") = "Panosen.CodeDom.Tag.Script.Engine", "Panosen.CodeDom.Tag.Script.Engine\Panosen.CodeDom.Tag.Script.Engine.csproj", "{933FE111-7C3C-404D-91B7-D16BB927DCFF}"
EndProject
Project("{9A19103F-16F7-4668-BE54-9A1E7A4F7556}") = "Panosen.CodeDom.Tag.Basic", "Panosen.CodeDom.Tag.Basic\Panosen.CodeDom.Tag.Basic.csproj", "{E1E09AE7-C2E4-4937-8FF6-0D5FC55360C0}"
EndProject
Project("{9A19103F-16F7-4668-BE54-9A1E7A4F7556}") = "Panosen.CodeDom.Tag.Basic.Engine", "Panosen.CodeDom.Tag.Basic.Engine\Panosen.CodeDom.Tag.Basic.Engine.csproj", "{FF03992E-F0A9-4FD5-BABF-F1405E4E55B3}"
EndProject
Project("{9A19103F-16F7-4668-BE54-9A1E7A4F7556}") = "Panosen.CodeDom.Tag.Html", "Panosen.CodeDom.Tag.Html\Panosen.CodeDom.Tag.Html.csproj", "{C926217B-9931-4D59-A08D-97053EA0C272}"
EndProject
Project("{2150E333-8FDC-42A3-9474-1A3956D46DE8}") = "Core", "Core", "{38B464D1-2AE6-454B-AE36-1CDB357E4FFB}"
EndProject
Project("{9A19103F-16F7-4668-BE54-9A1E7A4F7556}") = "Panosen.CodeDom.Tag.Core", "Panosen.CodeDom.Tag.Core\Panosen.CodeDom.Tag.Core.csproj", "{6619126E-E172-44E3-934B-19A7AA1944FF}"
EndProject
Project("{9A19103F-16F7-4668-BE54-9A1E7A4F7556}") = "Panosen.CodeDom.Tag.Core.MSTest", "Panosen.CodeDom.Tag.Core.MSTest\Panosen.CodeDom.Tag.Core.MSTest.csproj", "{A37DBFE5-AE12-498B-AC22-8C06BF87B27F}"
EndProject
Global
	GlobalSection(SolutionConfigurationPlatforms) = preSolution
		Debug|Any CPU = Debug|Any CPU
		Release|Any CPU = Release|Any CPU
	EndGlobalSection
	GlobalSection(ProjectConfigurationPlatforms) = postSolution
		{4CC33D1F-DAF3-4CCE-BE3F-DB018A0C00A6}.Debug|Any CPU.ActiveCfg = Debug|Any CPU
		{4CC33D1F-DAF3-4CCE-BE3F-DB018A0C00A6}.Debug|Any CPU.Build.0 = Debug|Any CPU
		{4CC33D1F-DAF3-4CCE-BE3F-DB018A0C00A6}.Release|Any CPU.ActiveCfg = Release|Any CPU
		{4CC33D1F-DAF3-4CCE-BE3F-DB018A0C00A6}.Release|Any CPU.Build.0 = Release|Any CPU
		{0D36FE74-9ACD-46EC-8AB4-436968598463}.Debug|Any CPU.ActiveCfg = Debug|Any CPU
		{0D36FE74-9ACD-46EC-8AB4-436968598463}.Debug|Any CPU.Build.0 = Debug|Any CPU
		{0D36FE74-9ACD-46EC-8AB4-436968598463}.Release|Any CPU.ActiveCfg = Release|Any CPU
		{0D36FE74-9ACD-46EC-8AB4-436968598463}.Release|Any CPU.Build.0 = Release|Any CPU
		{1DB937A2-B0C5-4171-A061-E1C12053D701}.Debug|Any CPU.ActiveCfg = Debug|Any CPU
		{1DB937A2-B0C5-4171-A061-E1C12053D701}.Debug|Any CPU.Build.0 = Debug|Any CPU
		{1DB937A2-B0C5-4171-A061-E1C12053D701}.Release|Any CPU.ActiveCfg = Release|Any CPU
		{1DB937A2-B0C5-4171-A061-E1C12053D701}.Release|Any CPU.Build.0 = Release|Any CPU
		{933FE111-7C3C-404D-91B7-D16BB927DCFF}.Debug|Any CPU.ActiveCfg = Debug|Any CPU
		{933FE111-7C3C-404D-91B7-D16BB927DCFF}.Debug|Any CPU.Build.0 = Debug|Any CPU
		{933FE111-7C3C-404D-91B7-D16BB927DCFF}.Release|Any CPU.ActiveCfg = Release|Any CPU
		{933FE111-7C3C-404D-91B7-D16BB927DCFF}.Release|Any CPU.Build.0 = Release|Any CPU
		{E1E09AE7-C2E4-4937-8FF6-0D5FC55360C0}.Debug|Any CPU.ActiveCfg = Debug|Any CPU
		{E1E09AE7-C2E4-4937-8FF6-0D5FC55360C0}.Debug|Any CPU.Build.0 = Debug|Any CPU
		{E1E09AE7-C2E4-4937-8FF6-0D5FC55360C0}.Release|Any CPU.ActiveCfg = Release|Any CPU
		{E1E09AE7-C2E4-4937-8FF6-0D5FC55360C0}.Release|Any CPU.Build.0 = Release|Any CPU
		{FF03992E-F0A9-4FD5-BABF-F1405E4E55B3}.Debug|Any CPU.ActiveCfg = Debug|Any CPU
		{FF03992E-F0A9-4FD5-BABF-F1405E4E55B3}.Debug|Any CPU.Build.0 = Debug|Any CPU
		{FF03992E-F0A9-4FD5-BABF-F1405E4E55B3}.Release|Any CPU.ActiveCfg = Release|Any CPU
		{FF03992E-F0A9-4FD5-BABF-F1405E4E55B3}.Release|Any CPU.Build.0 = Release|Any CPU
		{C926217B-9931-4D59-A08D-97053EA0C272}.Debug|Any CPU.ActiveCfg = Debug|Any CPU
		{C926217B-9931-4D59-A08D-97053EA0C272}.Debug|Any CPU.Build.0 = Debug|Any CPU
		{C926217B-9931-4D59-A08D-97053EA0C272}.Release|Any CPU.ActiveCfg = Release|Any CPU
		{C926217B-9931-4D59-A08D-97053EA0C272}.Release|Any CPU.Build.0 = Release|Any CPU
		{6619126E-E172-44E3-934B-19A7AA1944FF}.Debug|Any CPU.ActiveCfg = Debug|Any CPU
		{6619126E-E172-44E3-934B-19A7AA1944FF}.Debug|Any CPU.Build.0 = Debug|Any CPU
		{6619126E-E172-44E3-934B-19A7AA1944FF}.Release|Any CPU.ActiveCfg = Release|Any CPU
		{6619126E-E172-44E3-934B-19A7AA1944FF}.Release|Any CPU.Build.0 = Release|Any CPU
		{A37DBFE5-AE12-498B-AC22-8C06BF87B27F}.Debug|Any CPU.ActiveCfg = Debug|Any CPU
		{A37DBFE5-AE12-498B-AC22-8C06BF87B27F}.Debug|Any CPU.Build.0 = Debug|Any CPU
		{A37DBFE5-AE12-498B-AC22-8C06BF87B27F}.Release|Any CPU.ActiveCfg = Release|Any CPU
		{A37DBFE5-AE12-498B-AC22-8C06BF87B27F}.Release|Any CPU.Build.0 = Release|Any CPU
	EndGlobalSection
	GlobalSection(SolutionProperties) = preSolution
		HideSolutionNode = FALSE
	EndGlobalSection
	GlobalSection(NestedProjects) = preSolution
		{4CC33D1F-DAF3-4CCE-BE3F-DB018A0C00A6} = {38B464D1-2AE6-454B-AE36-1CDB357E4FFB}
		{0D36FE74-9ACD-46EC-8AB4-436968598463} = {38B464D1-2AE6-454B-AE36-1CDB357E4FFB}
		{6619126E-E172-44E3-934B-19A7AA1944FF} = {38B464D1-2AE6-454B-AE36-1CDB357E4FFB}
		{A37DBFE5-AE12-498B-AC22-8C06BF87B27F} = {38B464D1-2AE6-454B-AE36-1CDB357E4FFB}
	EndGlobalSection
	GlobalSection(ExtensibilityGlobals) = postSolution
		SolutionGuid = {518AE9FC-499B-4EEA-AB52-E424B9636A61}
	EndGlobalSection
EndGlobal
